
Microsoft Visual Studio Solution File, Format Version 12.00
# Visual Studio 2013
VisualStudioVersion = 12.0.30501.0
MinimumVisualStudioVersion = 10.0.40219.1
Project("{FAE04EC0-301F-11D3-BF4B-00C04F79EFBC}") = "ThirdEyeVIDemo", "ThirdEyeVI\WristbandCsharp\ThirdEyeVIDemo.csproj", "{CD5327FB-3B05-4D84-8A3E-C95A3228F3F7}"
EndProject
Project("{FAE04EC0-301F-11D3-BF4B-00C04F79EFBC}") = "CMT_Tracker", "..\CMT_Tracker\CMT_Tracker\CMT_Tracker.csproj", "{041772D0-10C9-4F02-86D0-E2E985F48D38}"
EndProject
Project("{FAE04EC0-301F-11D3-BF4B-00C04F79EFBC}") = "Clustering", "..\CMT_Tracker\Clustering\Clustering.csproj", "{F5C7F496-DE23-4ECD-916C-5BE8B4BDFF33}"
EndProject
Project("{FAE04EC0-301F-11D3-BF4B-00C04F79EFBC}") = "CAPIStreamCommon", "CAPIStreamCommon\CAPIStreamCommon.csproj", "{79D59FF1-DADF-4EED-8321-C36C38D65646}"
EndProject
Project("{FAE04EC0-301F-11D3-BF4B-00C04F79EFBC}") = "CAPIStreamServer", "CAPIStreamServer\CAPIStreamServer.csproj", "{15818DAC-2D3C-4D64-A7C0-0F88499CE793}"
EndProject
Project("{FAE04EC0-301F-11D3-BF4B-00C04F79EFBC}") = "CAPIStreamClient", "CAPIStreamClient\CAPIStreamClient.csproj", "{E2C96291-8AAB-4089-9F2A-03311107048B}"
EndProject
Project("{FAE04EC0-301F-11D3-BF4B-00C04F79EFBC}") = "CAPIStreamTest", "CAPIStreamTest\CAPIStreamTest.csproj", "{4DA31846-37CD-4E6B-AE28-A3FB9EBA68F7}"
EndProject
Global
	GlobalSection(SolutionConfigurationPlatforms) = preSolution
		Debug|Any CPU = Debug|Any CPU
		Debug|x64 = Debug|x64
		Release|Any CPU = Release|Any CPU
		Release|x64 = Release|x64
	EndGlobalSection
	GlobalSection(ProjectConfigurationPlatforms) = postSolution
		{CD5327FB-3B05-4D84-8A3E-C95A3228F3F7}.Debug|Any CPU.ActiveCfg = Debug|x64
		{CD5327FB-3B05-4D84-8A3E-C95A3228F3F7}.Debug|Any CPU.Build.0 = Debug|x64
		{CD5327FB-3B05-4D84-8A3E-C95A3228F3F7}.Debug|x64.ActiveCfg = Debug|x64
		{CD5327FB-3B05-4D84-8A3E-C95A3228F3F7}.Debug|x64.Build.0 = Debug|x64
		{CD5327FB-3B05-4D84-8A3E-C95A3228F3F7}.Release|Any CPU.ActiveCfg = Release|Any CPU
		{CD5327FB-3B05-4D84-8A3E-C95A3228F3F7}.Release|Any CPU.Build.0 = Release|Any CPU
		{CD5327FB-3B05-4D84-8A3E-C95A3228F3F7}.Release|x64.ActiveCfg = Release|Any CPU
		{041772D0-10C9-4F02-86D0-E2E985F48D38}.Debug|Any CPU.ActiveCfg = Debug|Any CPU
		{041772D0-10C9-4F02-86D0-E2E985F48D38}.Debug|Any CPU.Build.0 = Debug|Any CPU
		{041772D0-10C9-4F02-86D0-E2E985F48D38}.Debug|x64.ActiveCfg = Debug|x64
		{041772D0-10C9-4F02-86D0-E2E985F48D38}.Debug|x64.Build.0 = Debug|x64
		{041772D0-10C9-4F02-86D0-E2E985F48D38}.Release|Any CPU.ActiveCfg = Release|Any CPU
		{041772D0-10C9-4F02-86D0-E2E985F48D38}.Release|Any CPU.Build.0 = Release|Any CPU
		{041772D0-10C9-4F02-86D0-E2E985F48D38}.Release|x64.ActiveCfg = Release|x64
		{041772D0-10C9-4F02-86D0-E2E985F48D38}.Release|x64.Build.0 = Release|x64
		{F5C7F496-DE23-4ECD-916C-5BE8B4BDFF33}.Debug|Any CPU.ActiveCfg = Debug|Any CPU
		{F5C7F496-DE23-4ECD-916C-5BE8B4BDFF33}.Debug|Any CPU.Build.0 = Debug|Any CPU
		{F5C7F496-DE23-4ECD-916C-5BE8B4BDFF33}.Debug|x64.ActiveCfg = Debug|x64
		{F5C7F496-DE23-4ECD-916C-5BE8B4BDFF33}.Debug|x64.Build.0 = Debug|x64
		{F5C7F496-DE23-4ECD-916C-5BE8B4BDFF33}.Release|Any CPU.ActiveCfg = Release|Any CPU
		{F5C7F496-DE23-4ECD-916C-5BE8B4BDFF33}.Release|Any CPU.Build.0 = Release|Any CPU
		{F5C7F496-DE23-4ECD-916C-5BE8B4BDFF33}.Release|x64.ActiveCfg = Release|x64
		{F5C7F496-DE23-4ECD-916C-5BE8B4BDFF33}.Release|x64.Build.0 = Release|x64
		{79D59FF1-DADF-4EED-8321-C36C38D65646}.Debug|Any CPU.ActiveCfg = Debug|Any CPU
		{79D59FF1-DADF-4EED-8321-C36C38D65646}.Debug|Any CPU.Build.0 = Debug|Any CPU
		{79D59FF1-DADF-4EED-8321-C36C38D65646}.Debug|x64.ActiveCfg = Debug|x64
		{79D59FF1-DADF-4EED-8321-C36C38D65646}.Debug|x64.Build.0 = Debug|x64
		{79D59FF1-DADF-4EED-8321-C36C38D65646}.Release|Any CPU.ActiveCfg = Release|Any CPU
		{79D59FF1-DADF-4EED-8321-C36C38D65646}.Release|Any CPU.Build.0 = Release|Any CPU
		{79D59FF1-DADF-4EED-8321-C36C38D65646}.Release|x64.ActiveCfg = Release|x64
		{79D59FF1-DADF-4EED-8321-C36C38D65646}.Release|x64.Build.0 = Release|x64
		{15818DAC-2D3C-4D64-A7C0-0F88499CE793}.Debug|Any CPU.ActiveCfg = Debug|Any CPU
		{15818DAC-2D3C-4D64-A7C0-0F88499CE793}.Debug|Any CPU.Build.0 = Debug|Any CPU
		{15818DAC-2D3C-4D64-A7C0-0F88499CE793}.Debug|x64.ActiveCfg = Debug|x64
		{15818DAC-2D3C-4D64-A7C0-0F88499CE793}.Debug|x64.Build.0 = Debug|x64
		{15818DAC-2D3C-4D64-A7C0-0F88499CE793}.Release|Any CPU.ActiveCfg = Release|Any CPU
		{15818DAC-2D3C-4D64-A7C0-0F88499CE793}.Release|Any CPU.Build.0 = Release|Any CPU
		{15818DAC-2D3C-4D64-A7C0-0F88499CE793}.Release|x64.ActiveCfg = Release|x64
		{15818DAC-2D3C-4D64-A7C0-0F88499CE793}.Release|x64.Build.0 = Release|x64
		{E2C96291-8AAB-4089-9F2A-03311107048B}.Debug|Any CPU.ActiveCfg = Debug|Any CPU
		{E2C96291-8AAB-4089-9F2A-03311107048B}.Debug|Any CPU.Build.0 = Debug|Any CPU
		{E2C96291-8AAB-4089-9F2A-03311107048B}.Debug|x64.ActiveCfg = Debug|x64
		{E2C96291-8AAB-4089-9F2A-03311107048B}.Debug|x64.Build.0 = Debug|x64
		{E2C96291-8AAB-4089-9F2A-03311107048B}.Release|Any CPU.ActiveCfg = Release|Any CPU
		{E2C96291-8AAB-4089-9F2A-03311107048B}.Release|Any CPU.Build.0 = Release|Any CPU
		{E2C96291-8AAB-4089-9F2A-03311107048B}.Release|x64.ActiveCfg = Release|x64
		{E2C96291-8AAB-4089-9F2A-03311107048B}.Release|x64.Build.0 = Release|x64
		{4DA31846-37CD-4E6B-AE28-A3FB9EBA68F7}.Debug|Any CPU.ActiveCfg = Debug|Any CPU
		{4DA31846-37CD-4E6B-AE28-A3FB9EBA68F7}.Debug|Any CPU.Build.0 = Debug|Any CPU
		{4DA31846-37CD-4E6B-AE28-A3FB9EBA68F7}.Debug|x64.ActiveCfg = Debug|x64
		{4DA31846-37CD-4E6B-AE28-A3FB9EBA68F7}.Debug|x64.Build.0 = Debug|x64
		{4DA31846-37CD-4E6B-AE28-A3FB9EBA68F7}.Release|Any CPU.ActiveCfg = Release|Any CPU
		{4DA31846-37CD-4E6B-AE28-A3FB9EBA68F7}.Release|Any CPU.Build.0 = Release|Any CPU
		{4DA31846-37CD-4E6B-AE28-A3FB9EBA68F7}.Release|x64.ActiveCfg = Release|x64
		{4DA31846-37CD-4E6B-AE28-A3FB9EBA68F7}.Release|x64.Build.0 = Release|x64
	EndGlobalSection
	GlobalSection(SolutionProperties) = preSolution
		HideSolutionNode = FALSE
	EndGlobalSection
EndGlobal
