
Microsoft Visual Studio Solution File, Format Version 12.00
# Visual Studio 2013
VisualStudioVersion = 12.0.30501.0
MinimumVisualStudioVersion = 10.0.40219.1
Project("{FAE04EC0-301F-11D3-BF4B-00C04F79EFBC}") = "CMT_Tracker", "CMT_Tracker\CMT_Tracker.csproj", "{041772D0-10C9-4F02-86D0-E2E985F48D38}"
EndProject
Project("{FAE04EC0-301F-11D3-BF4B-00C04F79EFBC}") = "Clustering", "Clustering\Clustering.csproj", "{F5C7F496-DE23-4ECD-916C-5BE8B4BDFF33}"
EndProject
Global
	GlobalSection(SolutionConfigurationPlatforms) = preSolution
		Debug|Any CPU = Debug|Any CPU
		Release|Any CPU = Release|Any CPU
	EndGlobalSection
	GlobalSection(ProjectConfigurationPlatforms) = postSolution
		{041772D0-10C9-4F02-86D0-E2E985F48D38}.Debug|Any CPU.ActiveCfg = Debug|Any CPU
		{041772D0-10C9-4F02-86D0-E2E985F48D38}.Debug|Any CPU.Build.0 = Debug|Any CPU
		{041772D0-10C9-4F02-86D0-E2E985F48D38}.Release|Any CPU.ActiveCfg = Release|Any CPU
		{041772D0-10C9-4F02-86D0-E2E985F48D38}.Release|Any CPU.Build.0 = Release|Any CPU
		{F5C7F496-DE23-4ECD-916C-5BE8B4BDFF33}.Debug|Any CPU.ActiveCfg = Debug|Any CPU
		{F5C7F496-DE23-4ECD-916C-5BE8B4BDFF33}.Debug|Any CPU.Build.0 = Debug|Any CPU
		{F5C7F496-DE23-4ECD-916C-5BE8B4BDFF33}.Release|Any CPU.ActiveCfg = Release|Any CPU
		{F5C7F496-DE23-4ECD-916C-5BE8B4BDFF33}.Release|Any CPU.Build.0 = Release|Any CPU
	EndGlobalSection
	GlobalSection(SolutionProperties) = preSolution
		HideSolutionNode = FALSE
	EndGlobalSection
EndGlobal
